
Microsoft Visual Studio Solution File, Format Version 12.00
# Visual Studio 15
VisualStudioVersion = 15.0.26124.0
MinimumVisualStudioVersion = 15.0.26124.0
Project("{2150E333-8FDC-42A3-9474-1A3956D46DE8}") = "Solution Items", "Solution Items", "{56BEA0CF-A58E-4713-99D2-6954CADF9817}"
	ProjectSection(SolutionItems) = preProject
		.gitignore = .gitignore
	EndProjectSection
EndProject
Project("{FAE04EC0-301F-11D3-BF4B-00C04F79EFBC}") = "BddSpec.ConsoleTest", "BddSpec.ConsoleTest\BddSpec.ConsoleTest.csproj", "{E02A920A-E458-40F4-AAD5-003CFA8AD607}"
EndProject
Project("{FAE04EC0-301F-11D3-BF4B-00C04F79EFBC}") = "BddSpec", "BddSpec\BddSpec.csproj", "{F1BCF36B-E0C7-4EF0-9276-294A7B63F9DC}"
EndProject
Project("{FAE04EC0-301F-11D3-BF4B-00C04F79EFBC}") = "BddSpec.TestFromNuget", "BddSpec.TestFromNuget\BddSpec.TestFromNuget.csproj", "{B74ED7F7-7C07-405F-9FE6-2D7D6F3A1AC5}"
EndProject
Global
	GlobalSection(SolutionConfigurationPlatforms) = preSolution
		Debug|Any CPU = Debug|Any CPU
		Debug|x64 = Debug|x64
		Debug|x86 = Debug|x86
		Release|Any CPU = Release|Any CPU
		Release|x64 = Release|x64
		Release|x86 = Release|x86
	EndGlobalSection
	GlobalSection(SolutionProperties) = preSolution
		HideSolutionNode = FALSE
	EndGlobalSection
	GlobalSection(ProjectConfigurationPlatforms) = postSolution
		{E02A920A-E458-40F4-AAD5-003CFA8AD607}.Debug|Any CPU.ActiveCfg = Debug|Any CPU
		{E02A920A-E458-40F4-AAD5-003CFA8AD607}.Debug|Any CPU.Build.0 = Debug|Any CPU
		{E02A920A-E458-40F4-AAD5-003CFA8AD607}.Debug|x64.ActiveCfg = Debug|Any CPU
		{E02A920A-E458-40F4-AAD5-003CFA8AD607}.Debug|x64.Build.0 = Debug|Any CPU
		{E02A920A-E458-40F4-AAD5-003CFA8AD607}.Debug|x86.ActiveCfg = Debug|Any CPU
		{E02A920A-E458-40F4-AAD5-003CFA8AD607}.Debug|x86.Build.0 = Debug|Any CPU
		{E02A920A-E458-40F4-AAD5-003CFA8AD607}.Release|Any CPU.ActiveCfg = Release|Any CPU
		{E02A920A-E458-40F4-AAD5-003CFA8AD607}.Release|Any CPU.Build.0 = Release|Any CPU
		{E02A920A-E458-40F4-AAD5-003CFA8AD607}.Release|x64.ActiveCfg = Release|Any CPU
		{E02A920A-E458-40F4-AAD5-003CFA8AD607}.Release|x64.Build.0 = Release|Any CPU
		{E02A920A-E458-40F4-AAD5-003CFA8AD607}.Release|x86.ActiveCfg = Release|Any CPU
		{E02A920A-E458-40F4-AAD5-003CFA8AD607}.Release|x86.Build.0 = Release|Any CPU
		{F1BCF36B-E0C7-4EF0-9276-294A7B63F9DC}.Debug|Any CPU.ActiveCfg = Debug|Any CPU
		{F1BCF36B-E0C7-4EF0-9276-294A7B63F9DC}.Debug|Any CPU.Build.0 = Debug|Any CPU
		{F1BCF36B-E0C7-4EF0-9276-294A7B63F9DC}.Debug|x64.ActiveCfg = Debug|Any CPU
		{F1BCF36B-E0C7-4EF0-9276-294A7B63F9DC}.Debug|x64.Build.0 = Debug|Any CPU
		{F1BCF36B-E0C7-4EF0-9276-294A7B63F9DC}.Debug|x86.ActiveCfg = Debug|Any CPU
		{F1BCF36B-E0C7-4EF0-9276-294A7B63F9DC}.Debug|x86.Build.0 = Debug|Any CPU
		{F1BCF36B-E0C7-4EF0-9276-294A7B63F9DC}.Release|Any CPU.ActiveCfg = Release|Any CPU
		{F1BCF36B-E0C7-4EF0-9276-294A7B63F9DC}.Release|Any CPU.Build.0 = Release|Any CPU
		{F1BCF36B-E0C7-4EF0-9276-294A7B63F9DC}.Release|x64.ActiveCfg = Release|Any CPU
		{F1BCF36B-E0C7-4EF0-9276-294A7B63F9DC}.Release|x64.Build.0 = Release|Any CPU
		{F1BCF36B-E0C7-4EF0-9276-294A7B63F9DC}.Release|x86.ActiveCfg = Release|Any CPU
		{F1BCF36B-E0C7-4EF0-9276-294A7B63F9DC}.Release|x86.Build.0 = Release|Any CPU
		{B74ED7F7-7C07-405F-9FE6-2D7D6F3A1AC5}.Debug|Any CPU.ActiveCfg = Debug|Any CPU
		{B74ED7F7-7C07-405F-9FE6-2D7D6F3A1AC5}.Debug|Any CPU.Build.0 = Debug|Any CPU
		{B74ED7F7-7C07-405F-9FE6-2D7D6F3A1AC5}.Debug|x64.ActiveCfg = Debug|Any CPU
		{B74ED7F7-7C07-405F-9FE6-2D7D6F3A1AC5}.Debug|x64.Build.0 = Debug|Any CPU
		{B74ED7F7-7C07-405F-9FE6-2D7D6F3A1AC5}.Debug|x86.ActiveCfg = Debug|Any CPU
		{B74ED7F7-7C07-405F-9FE6-2D7D6F3A1AC5}.Debug|x86.Build.0 = Debug|Any CPU
		{B74ED7F7-7C07-405F-9FE6-2D7D6F3A1AC5}.Release|Any CPU.ActiveCfg = Release|Any CPU
		{B74ED7F7-7C07-405F-9FE6-2D7D6F3A1AC5}.Release|Any CPU.Build.0 = Release|Any CPU
		{B74ED7F7-7C07-405F-9FE6-2D7D6F3A1AC5}.Release|x64.ActiveCfg = Release|Any CPU
		{B74ED7F7-7C07-405F-9FE6-2D7D6F3A1AC5}.Release|x64.Build.0 = Release|Any CPU
		{B74ED7F7-7C07-405F-9FE6-2D7D6F3A1AC5}.Release|x86.ActiveCfg = Release|Any CPU
		{B74ED7F7-7C07-405F-9FE6-2D7D6F3A1AC5}.Release|x86.Build.0 = Release|Any CPU
	EndGlobalSection
	GlobalSection(MonoDevelopProperties) = preSolution
		Policies = $0
		$0.DotNetNamingPolicy = $1
		$1.DirectoryNamespaceAssociation = PrefixedHierarchical
		$0.TextStylePolicy = $2
		$2.FileWidth = 80
		$2.scope = text/x-csharp
		$0.CSharpFormattingPolicy = $3
		$3.scope = text/x-csharp
		$0.StandardHeader = $4
	EndGlobalSection
EndGlobal
